
Microsoft Visual Studio Solution File, Format Version 12.00
# Visual Studio Version 16
VisualStudioVersion = 16.0.31424.327
MinimumVisualStudioVersion = 10.0.40219.1
Project("{FAE04EC0-301F-11D3-BF4B-00C04F79EFBC}") = "Computer Managment System", "Computer Managment System\Computer Managment System.csproj", "{86B4A1F0-8FE1-4258-BB84-6F615FA7466C}"
EndProject
Global
	GlobalSection(SolutionConfigurationPlatforms) = preSolution
		Debug|Any CPU = Debug|Any CPU
		Release|Any CPU = Release|Any CPU
	EndGlobalSection
	GlobalSection(ProjectConfigurationPlatforms) = postSolution
		{86B4A1F0-8FE1-4258-BB84-6F615FA7466C}.Debug|Any CPU.ActiveCfg = Debug|Any CPU
		{86B4A1F0-8FE1-4258-BB84-6F615FA7466C}.Debug|Any CPU.Build.0 = Debug|Any CPU
		{86B4A1F0-8FE1-4258-BB84-6F615FA7466C}.Release|Any CPU.ActiveCfg = Release|Any CPU
		{86B4A1F0-8FE1-4258-BB84-6F615FA7466C}.Release|Any CPU.Build.0 = Release|Any CPU
	EndGlobalSection
	GlobalSection(SolutionProperties) = preSolution
		HideSolutionNode = FALSE
	EndGlobalSection
	GlobalSection(ExtensibilityGlobals) = postSolution
		SolutionGuid = {AD0AFDCD-E6FB-4A76-85A7-E8E440BC2352}
	EndGlobalSection
EndGlobal
